// !$*UTF8*$!
{
	archiveVersion = 1;
	classes = {
	};
	objectVersion = 45;
	objects = {

/* Begin PBXBuildFile section */
		061D4085129579FC00F47619 /* WhisperingRendererGLES1.cpp in Sources */ = {isa = PBXBuildFile; fileRef = 061D4084129579FC00F47619 /* WhisperingRendererGLES1.cpp */; };
		1D3623260D0F684500981E51 /* WhisperingAppDelegate.m in Sources */ = {isa = PBXBuildFile; fileRef = 1D3623250D0F684500981E51 /* WhisperingAppDelegate.m */; };
		1D60589F0D05DD5A006BFB54 /* Foundation.framework in Frameworks */ = {isa = PBXBuildFile; fileRef = 1D30AB110D05D00D00671497 /* Foundation.framework */; };
		1DF5F4E00D08C38300B7A737 /* UIKit.framework in Frameworks */ = {isa = PBXBuildFile; fileRef = 1DF5F4DF0D08C38300B7A737 /* UIKit.framework */; };
		2514C27B10084DCA00A42282 /* GLESSimpleShader.fsh in Resources */ = {isa = PBXBuildFile; fileRef = 2514C27910084DCA00A42282 /* GLESSimpleShader.fsh */; };
		2514C27C10084DCA00A42282 /* GLESSimpleShader.vsh in Resources */ = {isa = PBXBuildFile; fileRef = 2514C27A10084DCA00A42282 /* GLESSimpleShader.vsh */; };
		28AD733F0D9D9553002E5188 /* MainWindow.xib in Resources */ = {isa = PBXBuildFile; fileRef = 28AD733E0D9D9553002E5188 /* MainWindow.xib */; };
		28EC4C5911D54ECE0027AA9F /* WhisperingViewController.m in Sources */ = {isa = PBXBuildFile; fileRef = 28EC4C5711D54ECE0027AA9F /* WhisperingViewController.m */; };
		28EC4C5A11D54ECE0027AA9F /* WhisperingViewController.xib in Resources */ = {isa = PBXBuildFile; fileRef = 28EC4C5811D54ECE0027AA9F /* WhisperingViewController.xib */; };
		28FD14FE0DC6FC130079059D /* EAGLView.m in Sources */ = {isa = PBXBuildFile; fileRef = 28FD14FD0DC6FC130079059D /* EAGLView.m */; };
		28FD15000DC6FC520079059D /* OpenGLES.framework in Frameworks */ = {isa = PBXBuildFile; fileRef = 28FD14FF0DC6FC520079059D /* OpenGLES.framework */; };
		28FD15080DC6FC5B0079059D /* QuartzCore.framework in Frameworks */ = {isa = PBXBuildFile; fileRef = 28FD15070DC6FC5B0079059D /* QuartzCore.framework */; };
		627561861293DC4F00640A1A /* WRT.cpp in Sources */ = {isa = PBXBuildFile; fileRef = 627561851293DC4F00640A1A /* WRT.cpp */; };
		62C5C0A412922F9F0074F0F1 /* WhisperingApp.mm in Sources */ = {isa = PBXBuildFile; fileRef = 62C5C0A312922F9F0074F0F1 /* WhisperingApp.mm */; };
		62C5C0A7129233450074F0F1 /* WhisperingEngineSystem.cpp in Sources */ = {isa = PBXBuildFile; fileRef = 62C5C0A6129233450074F0F1 /* WhisperingEngineSystem.cpp */; };
		62D20854129766F0002249A9 /* WhisperingReferenceCount.cpp in Sources */ = {isa = PBXBuildFile; fileRef = 62D20853129766F0002249A9 /* WhisperingReferenceCount.cpp */; };
		62D2087712976FB6002249A9 /* EAGLView.mm in Sources */ = {isa = PBXBuildFile; fileRef = 62D2087612976FB6002249A9 /* EAGLView.mm */; };
		62D22E0E1296745000A1E061 /* WhisperingRendererContextIOS.cpp in Sources */ = {isa = PBXBuildFile; fileRef = 62D22E0D1296745000A1E061 /* WhisperingRendererContextIOS.cpp */; };
		62DB018612952DC400969384 /* MM.mm in Sources */ = {isa = PBXBuildFile; fileRef = 62DB018512952DC400969384 /* MM.mm */; };
		62DB411312937B4A00D7AEDE /* WhisperingTextureManager.cpp in Sources */ = {isa = PBXBuildFile; fileRef = 62DB411212937B4A00D7AEDE /* WhisperingTextureManager.cpp */; };
/* End PBXBuildFile section */

/* Begin PBXFileReference section */
		061D4083129579FC00F47619 /* WhisperingRendererGLES1.h */ = {isa = PBXFileReference; fileEncoding = 4; lastKnownFileType = sourcecode.c.h; path = WhisperingRendererGLES1.h; sourceTree = "<group>"; };
		061D4084129579FC00F47619 /* WhisperingRendererGLES1.cpp */ = {isa = PBXFileReference; explicitFileType = sourcecode.cpp.objcpp; fileEncoding = 4; path = WhisperingRendererGLES1.cpp; sourceTree = "<group>"; };
		1D30AB110D05D00D00671497 /* Foundation.framework */ = {isa = PBXFileReference; lastKnownFileType = wrapper.framework; name = Foundation.framework; path = System/Library/Frameworks/Foundation.framework; sourceTree = SDKROOT; };
		1D3623240D0F684500981E51 /* WhisperingAppDelegate.h */ = {isa = PBXFileReference; fileEncoding = 4; lastKnownFileType = sourcecode.c.h; name = WhisperingAppDelegate.h; path = Classes/WhisperingAppDelegate.h; sourceTree = "<group>"; };
		1D3623250D0F684500981E51 /* WhisperingAppDelegate.m */ = {isa = PBXFileReference; fileEncoding = 4; lastKnownFileType = sourcecode.c.objc; name = WhisperingAppDelegate.m; path = Classes/WhisperingAppDelegate.m; sourceTree = "<group>"; };
		1D6058910D05DD3D006BFB54 /* Whispering.app */ = {isa = PBXFileReference; explicitFileType = wrapper.application; includeInIndex = 0; path = Whispering.app; sourceTree = BUILT_PRODUCTS_DIR; };
		1DF5F4DF0D08C38300B7A737 /* UIKit.framework */ = {isa = PBXFileReference; lastKnownFileType = wrapper.framework; name = UIKit.framework; path = System/Library/Frameworks/UIKit.framework; sourceTree = SDKROOT; };
		2514C27910084DCA00A42282 /* GLESSimpleShader.fsh */ = {isa = PBXFileReference; fileEncoding = 4; lastKnownFileType = sourcecode.glsl; name = GLESSimpleShader.fsh; path = Shaders/GLESSimpleShader.fsh; sourceTree = "<group>"; };
		2514C27A10084DCA00A42282 /* GLESSimpleShader.vsh */ = {isa = PBXFileReference; fileEncoding = 4; lastKnownFileType = sourcecode.glsl; name = GLESSimpleShader.vsh; path = Shaders/GLESSimpleShader.vsh; sourceTree = "<group>"; };
		28AD733E0D9D9553002E5188 /* MainWindow.xib */ = {isa = PBXFileReference; lastKnownFileType = file.xib; path = MainWindow.xib; sourceTree = "<group>"; };
		28EC4C5611D54ECE0027AA9F /* WhisperingViewController.h */ = {isa = PBXFileReference; fileEncoding = 4; lastKnownFileType = sourcecode.c.h; name = WhisperingViewController.h; path = Classes/WhisperingViewController.h; sourceTree = "<group>"; };
		28EC4C5711D54ECE0027AA9F /* WhisperingViewController.m */ = {isa = PBXFileReference; fileEncoding = 4; lastKnownFileType = sourcecode.c.objc; name = WhisperingViewController.m; path = Classes/WhisperingViewController.m; sourceTree = "<group>"; };
		28EC4C5811D54ECE0027AA9F /* WhisperingViewController.xib */ = {isa = PBXFileReference; lastKnownFileType = file.xib; path = WhisperingViewController.xib; sourceTree = "<group>"; };
		28FD14FC0DC6FC130079059D /* EAGLView.h */ = {isa = PBXFileReference; fileEncoding = 4; lastKnownFileType = sourcecode.c.h; name = EAGLView.h; path = Classes/EAGLView.h; sourceTree = "<group>"; };
		28FD14FD0DC6FC130079059D /* EAGLView.m */ = {isa = PBXFileReference; fileEncoding = 4; lastKnownFileType = sourcecode.c.objc; name = EAGLView.m; path = Classes/EAGLView.m; sourceTree = "<group>"; };
		28FD14FF0DC6FC520079059D /* OpenGLES.framework */ = {isa = PBXFileReference; lastKnownFileType = wrapper.framework; name = OpenGLES.framework; path = System/Library/Frameworks/OpenGLES.framework; sourceTree = SDKROOT; };
		28FD15070DC6FC5B0079059D /* QuartzCore.framework */ = {isa = PBXFileReference; lastKnownFileType = wrapper.framework; name = QuartzCore.framework; path = System/Library/Frameworks/QuartzCore.framework; sourceTree = SDKROOT; };
		32CA4F630368D1EE00C91783 /* Whispering_Prefix.pch */ = {isa = PBXFileReference; fileEncoding = 4; lastKnownFileType = sourcecode.c.h; path = Whispering_Prefix.pch; sourceTree = "<group>"; };
		627561711293CE0800640A1A /* WhisperingPCH.h */ = {isa = PBXFileReference; fileEncoding = 4; lastKnownFileType = sourcecode.c.h; path = WhisperingPCH.h; sourceTree = "<group>"; };
		627561841293DC4F00640A1A /* WRT.h */ = {isa = PBXFileReference; fileEncoding = 4; lastKnownFileType = sourcecode.c.h; path = WRT.h; sourceTree = "<group>"; };
		627561851293DC4F00640A1A /* WRT.cpp */ = {isa = PBXFileReference; fileEncoding = 4; lastKnownFileType = sourcecode.cpp.cpp; path = WRT.cpp; sourceTree = "<group>"; };
		62C5C0A212922F9F0074F0F1 /* WhisperingApp.h */ = {isa = PBXFileReference; fileEncoding = 4; lastKnownFileType = sourcecode.c.h; path = WhisperingApp.h; sourceTree = "<group>"; };
		62C5C0A312922F9F0074F0F1 /* WhisperingApp.mm */ = {isa = PBXFileReference; fileEncoding = 4; lastKnownFileType = sourcecode.cpp.objcpp; path = WhisperingApp.mm; sourceTree = "<group>"; };
		62C5C0A5129233450074F0F1 /* WhisperingEngineSystem.h */ = {isa = PBXFileReference; fileEncoding = 4; lastKnownFileType = sourcecode.c.h; path = WhisperingEngineSystem.h; sourceTree = "<group>"; };
		62C5C0A6129233450074F0F1 /* WhisperingEngineSystem.cpp */ = {isa = PBXFileReference; fileEncoding = 4; lastKnownFileType = sourcecode.cpp.cpp; path = WhisperingEngineSystem.cpp; sourceTree = "<group>"; };
		62C5C0BA129239CF0074F0F1 /* WhisperingSingleton.h */ = {isa = PBXFileReference; fileEncoding = 4; lastKnownFileType = sourcecode.c.h; path = WhisperingSingleton.h; sourceTree = "<group>"; };
		62C5C11A1292725F0074F0F1 /* WhisperingRenderer.h */ = {isa = PBXFileReference; fileEncoding = 4; lastKnownFileType = sourcecode.c.h; path = WhisperingRenderer.h; sourceTree = "<group>"; };
		62D20853129766F0002249A9 /* WhisperingReferenceCount.cpp */ = {isa = PBXFileReference; fileEncoding = 4; lastKnownFileType = sourcecode.cpp.cpp; path = WhisperingReferenceCount.cpp; sourceTree = "<group>"; };
		62D2087612976FB6002249A9 /* EAGLView.mm */ = {isa = PBXFileReference; fileEncoding = 4; lastKnownFileType = sourcecode.cpp.objcpp; path = EAGLView.mm; sourceTree = "<group>"; };
		62D22DF212963C4500A1E061 /* WhisperingRendererContext.h */ = {isa = PBXFileReference; fileEncoding = 4; lastKnownFileType = sourcecode.c.h; path = WhisperingRendererContext.h; sourceTree = "<group>"; };
		62D22E0C1296745000A1E061 /* WhisperingRendererContextIOS.h */ = {isa = PBXFileReference; fileEncoding = 4; lastKnownFileType = sourcecode.c.h; path = WhisperingRendererContextIOS.h; sourceTree = "<group>"; };
		62D22E0D1296745000A1E061 /* WhisperingRendererContextIOS.cpp */ = {isa = PBXFileReference; explicitFileType = sourcecode.cpp.objcpp; fileEncoding = 4; path = WhisperingRendererContextIOS.cpp; sourceTree = "<group>"; };
		62DB00621294C98700969384 /* WhisperingConfig.h */ = {isa = PBXFileReference; fileEncoding = 4; lastKnownFileType = sourcecode.c.h; path = WhisperingConfig.h; sourceTree = "<group>"; };
		62DB00631294E6E700969384 /* WhisperingPlatform.h */ = {isa = PBXFileReference; fileEncoding = 4; lastKnownFileType = sourcecode.c.h; path = WhisperingPlatform.h; sourceTree = "<group>"; };
		62DB00641294EB2400969384 /* Whispering.h */ = {isa = PBXFileReference; fileEncoding = 4; lastKnownFileType = sourcecode.c.h; path = Whispering.h; sourceTree = "<group>"; };
		62DB018412952DC400969384 /* MM.h */ = {isa = PBXFileReference; fileEncoding = 4; lastKnownFileType = sourcecode.c.h; path = MM.h; sourceTree = "<group>"; };
		62DB018512952DC400969384 /* MM.mm */ = {isa = PBXFileReference; fileEncoding = 4; lastKnownFileType = sourcecode.cpp.objcpp; path = MM.mm; sourceTree = "<group>"; };
		62DB411112937B4A00D7AEDE /* WhisperingTextureManager.h */ = {isa = PBXFileReference; fileEncoding = 4; lastKnownFileType = sourcecode.c.h; path = WhisperingTextureManager.h; sourceTree = "<group>"; };
		62DB411212937B4A00D7AEDE /* WhisperingTextureManager.cpp */ = {isa = PBXFileReference; fileEncoding = 4; lastKnownFileType = sourcecode.cpp.cpp; path = WhisperingTextureManager.cpp; sourceTree = "<group>"; };
		62DB411412937CB000D7AEDE /* WhisperingReferenceCount.h */ = {isa = PBXFileReference; fileEncoding = 4; lastKnownFileType = sourcecode.c.h; path = WhisperingReferenceCount.h; sourceTree = "<group>"; };
		62DB4117129381B700D7AEDE /* WhisperingUtils.h */ = {isa = PBXFileReference; fileEncoding = 4; lastKnownFileType = sourcecode.c.h; path = WhisperingUtils.h; sourceTree = "<group>"; };
		62DB4118129383E300D7AEDE /* WhisperingCommon.h */ = {isa = PBXFileReference; fileEncoding = 4; lastKnownFileType = sourcecode.c.h; path = WhisperingCommon.h; sourceTree = "<group>"; };
		8D1107310486CEB800E47090 /* Whispering-Info.plist */ = {isa = PBXFileReference; fileEncoding = 4; lastKnownFileType = text.plist.xml; path = "Whispering-Info.plist"; plistStructureDefinitionIdentifier = "com.apple.xcode.plist.structure-definition.iphone.info-plist"; sourceTree = "<group>"; };
/* End PBXFileReference section */

/* Begin PBXFrameworksBuildPhase section */
		1D60588F0D05DD3D006BFB54 /* Frameworks */ = {
			isa = PBXFrameworksBuildPhase;
			buildActionMask = 2147483647;
			files = (
				1D60589F0D05DD5A006BFB54 /* Foundation.framework in Frameworks */,
				1DF5F4E00D08C38300B7A737 /* UIKit.framework in Frameworks */,
				28FD15000DC6FC520079059D /* OpenGLES.framework in Frameworks */,
				28FD15080DC6FC5B0079059D /* QuartzCore.framework in Frameworks */,
			);
			runOnlyForDeploymentPostprocessing = 0;
		};
/* End PBXFrameworksBuildPhase section */

/* Begin PBXGroup section */
		19C28FACFE9D520D11CA2CBB /* Products */ = {
			isa = PBXGroup;
			children = (
				1D6058910D05DD3D006BFB54 /* Whispering.app */,
			);
			name = Products;
			sourceTree = "<group>";
		};
		2514C27610084DB600A42282 /* Shader */ = {
			isa = PBXGroup;
			children = (
				2514C27910084DCA00A42282 /* GLESSimpleShader.fsh */,
				2514C27A10084DCA00A42282 /* GLESSimpleShader.vsh */,
			);
			name = Shader;
			sourceTree = "<group>";
		};
		29B97314FDCFA39411CA2CEA /* CustomTemplate */ = {
			isa = PBXGroup;
			children = (
				62C5C0B9129238CE0074F0F1 /* Whispering */,
				29B97315FDCFA39411CA2CEA /* Platform Sources */,
				29B97317FDCFA39411CA2CEA /* Resources */,
				29B97323FDCFA39411CA2CEA /* Frameworks */,
				19C28FACFE9D520D11CA2CBB /* Products */,
			);
			name = CustomTemplate;
			sourceTree = "<group>";
		};
		29B97315FDCFA39411CA2CEA /* Platform Sources */ = {
			isa = PBXGroup;
			children = (
				28EC4C5811D54ECE0027AA9F /* WhisperingViewController.xib */,
				28EC4C5611D54ECE0027AA9F /* WhisperingViewController.h */,
				28EC4C5711D54ECE0027AA9F /* WhisperingViewController.m */,
				1D3623240D0F684500981E51 /* WhisperingAppDelegate.h */,
				1D3623250D0F684500981E51 /* WhisperingAppDelegate.m */,
				32CA4F630368D1EE00C91783 /* Whispering_Prefix.pch */,
				62C5C0A212922F9F0074F0F1 /* WhisperingApp.h */,
				62C5C0A312922F9F0074F0F1 /* WhisperingApp.mm */,
			);
			name = "Platform Sources";
			sourceTree = "<group>";
		};
		29B97317FDCFA39411CA2CEA /* Resources */ = {
			isa = PBXGroup;
			children = (
				28AD733E0D9D9553002E5188 /* MainWindow.xib */,
				8D1107310486CEB800E47090 /* Whispering-Info.plist */,
			);
			name = Resources;
			sourceTree = "<group>";
		};
		29B97323FDCFA39411CA2CEA /* Frameworks */ = {
			isa = PBXGroup;
			children = (
				28FD15070DC6FC5B0079059D /* QuartzCore.framework */,
				28FD14FF0DC6FC520079059D /* OpenGLES.framework */,
				1DF5F4DF0D08C38300B7A737 /* UIKit.framework */,
				1D30AB110D05D00D00671497 /* Foundation.framework */,
			);
			name = Frameworks;
			sourceTree = "<group>";
		};
		627561801293DBD300640A1A /* Test */ = {
			isa = PBXGroup;
			children = (
				627561841293DC4F00640A1A /* WRT.h */,
				627561851293DC4F00640A1A /* WRT.cpp */,
				62DB018412952DC400969384 /* MM.h */,
				62DB018512952DC400969384 /* MM.mm */,
			);
			name = Test;
			sourceTree = "<group>";
		};
		62C5C0B9129238CE0074F0F1 /* Whispering */ = {
			isa = PBXGroup;
			children = (
				62D22E0F1296755D00A1E061 /* Renderer */,
				627561801293DBD300640A1A /* Test */,
				2514C27610084DB600A42282 /* Shader */,
				62C5C119129272290074F0F1 /* Platform */,
				62DB00641294EB2400969384 /* Whispering.h */,
				627561711293CE0800640A1A /* WhisperingPCH.h */,
				62DB4118129383E300D7AEDE /* WhisperingCommon.h */,
				62DB00631294E6E700969384 /* WhisperingPlatform.h */,
				62DB00621294C98700969384 /* WhisperingConfig.h */,
				62DB4117129381B700D7AEDE /* WhisperingUtils.h */,
				62C5C0BA129239CF0074F0F1 /* WhisperingSingleton.h */,
				62DB411412937CB000D7AEDE /* WhisperingReferenceCount.h */,
				62D20853129766F0002249A9 /* WhisperingReferenceCount.cpp */,
				62C5C0A5129233450074F0F1 /* WhisperingEngineSystem.h */,
				62C5C0A6129233450074F0F1 /* WhisperingEngineSystem.cpp */,
				62D22DF212963C4500A1E061 /* WhisperingRendererContext.h */,
				62C5C11A1292725F0074F0F1 /* WhisperingRenderer.h */,
				62DB411112937B4A00D7AEDE /* WhisperingTextureManager.h */,
				62DB411212937B4A00D7AEDE /* WhisperingTextureManager.cpp */,
			);
			name = Whispering;
			sourceTree = "<group>";
		};
		62C5C119129272290074F0F1 /* Platform */ = {
			isa = PBXGroup;
			children = (
				62D2087812977014002249A9 /* iOS */,
			);
			name = Platform;
			sourceTree = "<group>";
		};
		62D2087812977014002249A9 /* iOS */ = {
			isa = PBXGroup;
			children = (
				62D22E0C1296745000A1E061 /* WhisperingRendererContextIOS.h */,
				62D22E0D1296745000A1E061 /* WhisperingRendererContextIOS.cpp */,
				28FD14FC0DC6FC130079059D /* EAGLView.h */,
				28FD14FD0DC6FC130079059D /* EAGLView.m */,
				62D2087612976FB6002249A9 /* EAGLView.mm */,
			);
			name = iOS;
			sourceTree = "<group>";
		};
		62D22E0F1296755D00A1E061 /* Renderer */ = {
			isa = PBXGroup;
			children = (
				061D4083129579FC00F47619 /* WhisperingRendererGLES1.h */,
				061D4084129579FC00F47619 /* WhisperingRendererGLES1.cpp */,
			);
			name = Renderer;
			sourceTree = "<group>";
		};
/* End PBXGroup section */

/* Begin PBXNativeTarget section */
		1D6058900D05DD3D006BFB54 /* Whispering */ = {
			isa = PBXNativeTarget;
			buildConfigurationList = 1D6058960D05DD3E006BFB54 /* Build configuration list for PBXNativeTarget "Whispering" */;
			buildPhases = (
				1D60588D0D05DD3D006BFB54 /* Resources */,
				1D60588E0D05DD3D006BFB54 /* Sources */,
				1D60588F0D05DD3D006BFB54 /* Frameworks */,
			);
			buildRules = (
			);
			dependencies = (
			);
			name = Whispering;
			productName = Whispering;
			productReference = 1D6058910D05DD3D006BFB54 /* Whispering.app */;
			productType = "com.apple.product-type.application";
		};
/* End PBXNativeTarget section */

/* Begin PBXProject section */
		29B97313FDCFA39411CA2CEA /* Project object */ = {
			isa = PBXProject;
			buildConfigurationList = C01FCF4E08A954540054247B /* Build configuration list for PBXProject "Whispering" */;
			compatibilityVersion = "Xcode 3.1";
			developmentRegion = English;
			hasScannedForEncodings = 1;
			knownRegions = (
				English,
				Japanese,
				French,
				German,
			);
			mainGroup = 29B97314FDCFA39411CA2CEA /* CustomTemplate */;
			projectDirPath = "";
			projectRoot = "";
			targets = (
				1D6058900D05DD3D006BFB54 /* Whispering */,
			);
		};
/* End PBXProject section */

/* Begin PBXResourcesBuildPhase section */
		1D60588D0D05DD3D006BFB54 /* Resources */ = {
			isa = PBXResourcesBuildPhase;
			buildActionMask = 2147483647;
			files = (
				2514C27B10084DCA00A42282 /* GLESSimpleShader.fsh in Resources */,
				2514C27C10084DCA00A42282 /* GLESSimpleShader.vsh in Resources */,
				28AD733F0D9D9553002E5188 /* MainWindow.xib in Resources */,
				28EC4C5A11D54ECE0027AA9F /* WhisperingViewController.xib in Resources */,
			);
			runOnlyForDeploymentPostprocessing = 0;
		};
/* End PBXResourcesBuildPhase section */

/* Begin PBXSourcesBuildPhase section */
		1D60588E0D05DD3D006BFB54 /* Sources */ = {
			isa = PBXSourcesBuildPhase;
			buildActionMask = 2147483647;
			files = (
				1D3623260D0F684500981E51 /* WhisperingAppDelegate.m in Sources */,
				28FD14FE0DC6FC130079059D /* EAGLView.m in Sources */,
				28EC4C5911D54ECE0027AA9F /* WhisperingViewController.m in Sources */,
				62C5C0A412922F9F0074F0F1 /* WhisperingApp.mm in Sources */,
				62C5C0A7129233450074F0F1 /* WhisperingEngineSystem.cpp in Sources */,
				62DB411312937B4A00D7AEDE /* WhisperingTextureManager.cpp in Sources */,
				627561861293DC4F00640A1A /* WRT.cpp in Sources */,
				62DB018612952DC400969384 /* MM.mm in Sources */,
				061D4085129579FC00F47619 /* WhisperingRendererGLES1.cpp in Sources */,
				62D22E0E1296745000A1E061 /* WhisperingRendererContextIOS.cpp in Sources */,
				62D20854129766F0002249A9 /* WhisperingReferenceCount.cpp in Sources */,
				62D2087712976FB6002249A9 /* EAGLView.mm in Sources */,
			);
			runOnlyForDeploymentPostprocessing = 0;
		};
/* End PBXSourcesBuildPhase section */

/* Begin XCBuildConfiguration section */
		1D6058940D05DD3E006BFB54 /* Debug */ = {
			isa = XCBuildConfiguration;
			buildSettings = {
				ALWAYS_SEARCH_USER_PATHS = NO;
				COPY_PHASE_STRIP = NO;
				GCC_DYNAMIC_NO_PIC = NO;
				GCC_OPTIMIZATION_LEVEL = 0;
				GCC_PRECOMPILE_PREFIX_HEADER = YES;
				GCC_PREFIX_HEADER = Whispering_Prefix.pch;
				"GCC_THUMB_SUPPORT[arch=armv6]" = "";
				INFOPLIST_FILE = "Whispering-Info.plist";
				PRODUCT_NAME = Whispering;
			};
			name = Debug;
		};
		1D6058950D05DD3E006BFB54 /* Release */ = {
			isa = XCBuildConfiguration;
			buildSettings = {
				ALWAYS_SEARCH_USER_PATHS = NO;
				COPY_PHASE_STRIP = YES;
				GCC_PRECOMPILE_PREFIX_HEADER = YES;
				GCC_PREFIX_HEADER = Whispering_Prefix.pch;
				"GCC_THUMB_SUPPORT[arch=armv6]" = "";
				INFOPLIST_FILE = "Whispering-Info.plist";
				PRODUCT_NAME = Whispering;
				VALIDATE_PRODUCT = YES;
			};
			name = Release;
		};
		C01FCF4F08A954540054247B /* Debug */ = {
			isa = XCBuildConfiguration;
			buildSettings = {
				ARCHS = "$(ARCHS_STANDARD_32_BIT)";
				"CODE_SIGN_IDENTITY[sdk=iphoneos*]" = "iPhone Developer";
				GCC_C_LANGUAGE_STANDARD = c99;
				GCC_PREPROCESSOR_DEFINITIONS = DEBUG;
				GCC_WARN_ABOUT_RETURN_TYPE = YES;
				GCC_WARN_UNUSED_VARIABLE = YES;
				PREBINDING = NO;
				SDKROOT = iphoneos4.1;
			};
			name = Debug;
		};
		C01FCF5008A954540054247B /* Release */ = {
			isa = XCBuildConfiguration;
			buildSettings = {
				ARCHS = "$(ARCHS_STANDARD_32_BIT)";
				"CODE_SIGN_IDENTITY[sdk=iphoneos*]" = "iPhone Developer";
				GCC_C_LANGUAGE_STANDARD = c99;
				GCC_WARN_ABOUT_RETURN_TYPE = YES;
				GCC_WARN_UNUSED_VARIABLE = YES;
				OTHER_CFLAGS = "-DNS_BLOCK_ASSERTIONS=1";
				PREBINDING = NO;
				SDKROOT = iphoneos4.1;
			};
			name = Release;
		};
/* End XCBuildConfiguration section */

/* Begin XCConfigurationList section */
		1D6058960D05DD3E006BFB54 /* Build configuration list for PBXNativeTarget "Whispering" */ = {
			isa = XCConfigurationList;
			buildConfigurations = (
				1D6058940D05DD3E006BFB54 /* Debug */,
				1D6058950D05DD3E006BFB54 /* Release */,
			);
			defaultConfigurationIsVisible = 0;
			defaultConfigurationName = Release;
		};
		C01FCF4E08A954540054247B /* Build configuration list for PBXProject "Whispering" */ = {
			isa = XCConfigurationList;
			buildConfigurations = (
				C01FCF4F08A954540054247B /* Debug */,
				C01FCF5008A954540054247B /* Release */,
			);
			defaultConfigurationIsVisible = 0;
			defaultConfigurationName = Release;
		};
/* End XCConfigurationList section */
	};
	rootObject = 29B97313FDCFA39411CA2CEA /* Project object */;
}
